
Microsoft Visual Studio Solution File, Format Version 12.00
# Visual Studio Version 17
VisualStudioVersion = 17.9.34714.143
MinimumVisualStudioVersion = 10.0.40219.1
Project("{FAE04EC0-301F-11D3-BF4B-00C04F79EFBC}") = "UmbracoCMS", "UmbracoCMS\UmbracoCMS.csproj", "{B42249DC-7049-4EC6-87EA-9328E45D2842}"
EndProject
Global
	GlobalSection(SolutionConfigurationPlatforms) = preSolution
		Debug|Any CPU = Debug|Any CPU
		Release|Any CPU = Release|Any CPU
	EndGlobalSection
	GlobalSection(ProjectConfigurationPlatforms) = postSolution
		{B42249DC-7049-4EC6-87EA-9328E45D2842}.Debug|Any CPU.ActiveCfg = Debug|Any CPU
		{B42249DC-7049-4EC6-87EA-9328E45D2842}.Debug|Any CPU.Build.0 = Debug|Any CPU
		{B42249DC-7049-4EC6-87EA-9328E45D2842}.Release|Any CPU.ActiveCfg = Release|Any CPU
		{B42249DC-7049-4EC6-87EA-9328E45D2842}.Release|Any CPU.Build.0 = Release|Any CPU
	EndGlobalSection
	GlobalSection(SolutionProperties) = preSolution
		HideSolutionNode = FALSE
	EndGlobalSection
	GlobalSection(ExtensibilityGlobals) = postSolution
		SolutionGuid = {87340B02-6162-45BA-BE2F-6077D674C6AD}
	EndGlobalSection
EndGlobal
